
Microsoft Visual Studio Solution File, Format Version 12.00
# Visual Studio Version 17
VisualStudioVersion = 17.7.34221.43
MinimumVisualStudioVersion = 10.0.40219.1
Project("{FAE04EC0-301F-11D3-BF4B-00C04F79EFBC}") = "LicitContrAPI", "LicitContrAPI\LicitContrAPI.csproj", "{641B65B8-F5A9-4774-97CB-85EC6203B5A4}"
EndProject
Global
	GlobalSection(SolutionConfigurationPlatforms) = preSolution
		Debug|Any CPU = Debug|Any CPU
		Release|Any CPU = Release|Any CPU
	EndGlobalSection
	GlobalSection(ProjectConfigurationPlatforms) = postSolution
		{641B65B8-F5A9-4774-97CB-85EC6203B5A4}.Debug|Any CPU.ActiveCfg = Debug|Any CPU
		{641B65B8-F5A9-4774-97CB-85EC6203B5A4}.Debug|Any CPU.Build.0 = Debug|Any CPU
		{641B65B8-F5A9-4774-97CB-85EC6203B5A4}.Release|Any CPU.ActiveCfg = Release|Any CPU
		{641B65B8-F5A9-4774-97CB-85EC6203B5A4}.Release|Any CPU.Build.0 = Release|Any CPU
	EndGlobalSection
	GlobalSection(SolutionProperties) = preSolution
		HideSolutionNode = FALSE
	EndGlobalSection
	GlobalSection(ExtensibilityGlobals) = postSolution
		SolutionGuid = {3BFE8A8D-A808-43EC-A1AB-7C9AB23F8624}
	EndGlobalSection
EndGlobal
